// !$*UTF8*$!
{
	archiveVersion = 1;
	classes = {
	};
	objectVersion = 45;
	objects = {

/* Begin PBXBuildFile section */
		1DDD58160DA1D0A300B32029 /* MainMenu.xib in Resources */ = {isa = PBXBuildFile; fileRef = 1DDD58140DA1D0A300B32029 /* MainMenu.xib */; };
		8D11072B0486CEB800E47090 /* InfoPlist.strings in Resources */ = {isa = PBXBuildFile; fileRef = 089C165CFE840E0CC02AAC07 /* InfoPlist.strings */; };
		8D11072D0486CEB800E47090 /* main.m in Sources */ = {isa = PBXBuildFile; fileRef = 29B97316FDCFA39411CA2CEA /* main.m */; settings = {ATTRIBUTES = (); }; };
		8D11072F0486CEB800E47090 /* Cocoa.framework in Frameworks */ = {isa = PBXBuildFile; fileRef = 1058C7A1FEA54F0111CA2CBB /* Cocoa.framework */; };
		DC69A6320E7AF53300660B7D /* Screen.m in Sources */ = {isa = PBXBuildFile; fileRef = DC69A6310E7AF53300660B7D /* Screen.m */; };
		DC69A6350E7AF7C600660B7D /* Configuration.m in Sources */ = {isa = PBXBuildFile; fileRef = DC69A6340E7AF7C600660B7D /* Configuration.m */; };
		DC69A6870E7AFCB700660B7D /* ServerViewController.m in Sources */ = {isa = PBXBuildFile; fileRef = DC69A6860E7AFCB700660B7D /* ServerViewController.m */; };
		DCB66CE90E7889C800C2A690 /* COPYING in Resources */ = {isa = PBXBuildFile; fileRef = DCB66CE80E7889C800C2A690 /* COPYING */; };
		DCB66D300E788B6800C2A690 /* ViewToolbarItem.m in Sources */ = {isa = PBXBuildFile; fileRef = DCB66D2F0E788B6800C2A690 /* ViewToolbarItem.m */; };
		DCD69F1C0E782AD800BA3984 /* BackgroundTask.m in Sources */ = {isa = PBXBuildFile; fileRef = DCD69F1B0E782AD800BA3984 /* BackgroundTask.m */; };
		DCD69F210E78303500BA3984 /* BackgroundTaskGlobals.m in Sources */ = {isa = PBXBuildFile; fileRef = DCD69F200E78303500BA3984 /* BackgroundTaskGlobals.m */; };
		DCD69F2B0E78338E00BA3984 /* ClientTask.m in Sources */ = {isa = PBXBuildFile; fileRef = DCD69F2A0E78338E00BA3984 /* ClientTask.m */; };
		DCF0AAD60E7CB404009CD224 /* Link.m in Sources */ = {isa = PBXBuildFile; fileRef = DCF0AAD50E7CB404009CD224 /* Link.m */; };
		DCFDBBD60E770D2000A94BAC /* TabController.m in Sources */ = {isa = PBXBuildFile; fileRef = DCFDBBD50E770D2000A94BAC /* TabController.m */; };
		DCFDBC9B0E7739E400A94BAC /* synergyc in CopyFiles */ = {isa = PBXBuildFile; fileRef = DCFDBC960E7739CD00A94BAC /* synergyc */; };
		DCFDBC9C0E7739E400A94BAC /* synergys in CopyFiles */ = {isa = PBXBuildFile; fileRef = DCFDBC970E7739CD00A94BAC /* synergys */; };
		DCFDBCA60E773CEB00A94BAC /* ClientViewController.m in Sources */ = {isa = PBXBuildFile; fileRef = DCFDBCA50E773CEB00A94BAC /* ClientViewController.m */; };
/* End PBXBuildFile section */

/* Begin PBXCopyFilesBuildPhase section */
		DCFDBCA00E7739EB00A94BAC /* CopyFiles */ = {
			isa = PBXCopyFilesBuildPhase;
			buildActionMask = 2147483647;
			dstPath = "";
			dstSubfolderSpec = 7;
			files = (
				DCFDBC9B0E7739E400A94BAC /* synergyc in CopyFiles */,
				DCFDBC9C0E7739E400A94BAC /* synergys in CopyFiles */,
			);
			runOnlyForDeploymentPostprocessing = 0;
		};
/* End PBXCopyFilesBuildPhase section */

/* Begin PBXFileReference section */
		089C165DFE840E0CC02AAC07 /* English */ = {isa = PBXFileReference; fileEncoding = 10; lastKnownFileType = text.plist.strings; name = English; path = English.lproj/InfoPlist.strings; sourceTree = "<group>"; };
		1058C7A1FEA54F0111CA2CBB /* Cocoa.framework */ = {isa = PBXFileReference; lastKnownFileType = wrapper.framework; name = Cocoa.framework; path = /System/Library/Frameworks/Cocoa.framework; sourceTree = "<absolute>"; };
		13E42FB307B3F0F600E4EEF1 /* CoreData.framework */ = {isa = PBXFileReference; lastKnownFileType = wrapper.framework; name = CoreData.framework; path = /System/Library/Frameworks/CoreData.framework; sourceTree = "<absolute>"; };
		1DDD58150DA1D0A300B32029 /* English */ = {isa = PBXFileReference; lastKnownFileType = file.xib; name = English; path = English.lproj/MainMenu.xib; sourceTree = "<group>"; };
		29B97316FDCFA39411CA2CEA /* main.m */ = {isa = PBXFileReference; fileEncoding = 4; lastKnownFileType = sourcecode.c.objc; path = main.m; sourceTree = "<group>"; };
		29B97324FDCFA39411CA2CEA /* AppKit.framework */ = {isa = PBXFileReference; lastKnownFileType = wrapper.framework; name = AppKit.framework; path = /System/Library/Frameworks/AppKit.framework; sourceTree = "<absolute>"; };
		29B97325FDCFA39411CA2CEA /* Foundation.framework */ = {isa = PBXFileReference; lastKnownFileType = wrapper.framework; name = Foundation.framework; path = /System/Library/Frameworks/Foundation.framework; sourceTree = "<absolute>"; };
		32CA4F630368D1EE00C91783 /* Synergistic_Prefix.pch */ = {isa = PBXFileReference; fileEncoding = 4; lastKnownFileType = sourcecode.c.h; path = Synergistic_Prefix.pch; sourceTree = "<group>"; };
		8D1107310486CEB800E47090 /* Info.plist */ = {isa = PBXFileReference; fileEncoding = 4; lastKnownFileType = text.plist.xml; path = Info.plist; sourceTree = "<group>"; };
		8D1107320486CEB800E47090 /* Synergistic.app */ = {isa = PBXFileReference; explicitFileType = wrapper.application; includeInIndex = 0; path = Synergistic.app; sourceTree = BUILT_PRODUCTS_DIR; };
		DC69A6300E7AF53300660B7D /* Screen.h */ = {isa = PBXFileReference; fileEncoding = 4; lastKnownFileType = sourcecode.c.h; path = Screen.h; sourceTree = "<group>"; };
		DC69A6310E7AF53300660B7D /* Screen.m */ = {isa = PBXFileReference; fileEncoding = 4; lastKnownFileType = sourcecode.c.objc; path = Screen.m; sourceTree = "<group>"; };
		DC69A6330E7AF7C600660B7D /* Configuration.h */ = {isa = PBXFileReference; fileEncoding = 4; lastKnownFileType = sourcecode.c.h; path = Configuration.h; sourceTree = "<group>"; };
		DC69A6340E7AF7C600660B7D /* Configuration.m */ = {isa = PBXFileReference; fileEncoding = 4; lastKnownFileType = sourcecode.c.objc; path = Configuration.m; sourceTree = "<group>"; };
		DC69A6850E7AFCB700660B7D /* ServerViewController.h */ = {isa = PBXFileReference; fileEncoding = 4; lastKnownFileType = sourcecode.c.h; path = ServerViewController.h; sourceTree = "<group>"; };
		DC69A6860E7AFCB700660B7D /* ServerViewController.m */ = {isa = PBXFileReference; fileEncoding = 4; lastKnownFileType = sourcecode.c.objc; path = ServerViewController.m; sourceTree = "<group>"; };
		DCB66CE80E7889C800C2A690 /* COPYING */ = {isa = PBXFileReference; fileEncoding = 4; lastKnownFileType = text; path = COPYING; sourceTree = "<group>"; };
		DCB66D2E0E788B6800C2A690 /* ViewToolbarItem.h */ = {isa = PBXFileReference; fileEncoding = 4; lastKnownFileType = sourcecode.c.h; path = ViewToolbarItem.h; sourceTree = "<group>"; };
		DCB66D2F0E788B6800C2A690 /* ViewToolbarItem.m */ = {isa = PBXFileReference; fileEncoding = 4; lastKnownFileType = sourcecode.c.objc; path = ViewToolbarItem.m; sourceTree = "<group>"; };
		DCD69F1A0E782AD800BA3984 /* BackgroundTask.h */ = {isa = PBXFileReference; fileEncoding = 4; lastKnownFileType = sourcecode.c.h; path = BackgroundTask.h; sourceTree = "<group>"; };
		DCD69F1B0E782AD800BA3984 /* BackgroundTask.m */ = {isa = PBXFileReference; fileEncoding = 4; lastKnownFileType = sourcecode.c.objc; path = BackgroundTask.m; sourceTree = "<group>"; };
		DCD69F200E78303500BA3984 /* BackgroundTaskGlobals.m */ = {isa = PBXFileReference; fileEncoding = 4; lastKnownFileType = sourcecode.c.objc; path = BackgroundTaskGlobals.m; sourceTree = "<group>"; };
		DCD69F290E78338E00BA3984 /* ClientTask.h */ = {isa = PBXFileReference; fileEncoding = 4; lastKnownFileType = sourcecode.c.h; path = ClientTask.h; sourceTree = "<group>"; };
		DCD69F2A0E78338E00BA3984 /* ClientTask.m */ = {isa = PBXFileReference; fileEncoding = 4; lastKnownFileType = sourcecode.c.objc; path = ClientTask.m; sourceTree = "<group>"; };
		DCF0AAD40E7CB404009CD224 /* Link.h */ = {isa = PBXFileReference; fileEncoding = 4; lastKnownFileType = sourcecode.c.h; path = Link.h; sourceTree = "<group>"; };
		DCF0AAD50E7CB404009CD224 /* Link.m */ = {isa = PBXFileReference; fileEncoding = 4; lastKnownFileType = sourcecode.c.objc; path = Link.m; sourceTree = "<group>"; };
		DCFDBBD40E770D2000A94BAC /* TabController.h */ = {isa = PBXFileReference; fileEncoding = 4; lastKnownFileType = sourcecode.c.h; path = TabController.h; sourceTree = "<group>"; };
		DCFDBBD50E770D2000A94BAC /* TabController.m */ = {isa = PBXFileReference; fileEncoding = 4; lastKnownFileType = sourcecode.c.objc; path = TabController.m; sourceTree = "<group>"; };
		DCFDBC960E7739CD00A94BAC /* synergyc */ = {isa = PBXFileReference; lastKnownFileType = "compiled.mach-o.executable"; path = synergyc; sourceTree = "<group>"; };
		DCFDBC970E7739CD00A94BAC /* synergys */ = {isa = PBXFileReference; lastKnownFileType = "compiled.mach-o.executable"; path = synergys; sourceTree = "<group>"; };
		DCFDBCA40E773CEB00A94BAC /* ClientViewController.h */ = {isa = PBXFileReference; fileEncoding = 4; lastKnownFileType = sourcecode.c.h; path = ClientViewController.h; sourceTree = "<group>"; };
		DCFDBCA50E773CEB00A94BAC /* ClientViewController.m */ = {isa = PBXFileReference; fileEncoding = 4; lastKnownFileType = sourcecode.c.objc; path = ClientViewController.m; sourceTree = "<group>"; };
/* End PBXFileReference section */

/* Begin PBXFrameworksBuildPhase section */
		8D11072E0486CEB800E47090 /* Frameworks */ = {
			isa = PBXFrameworksBuildPhase;
			buildActionMask = 2147483647;
			files = (
				8D11072F0486CEB800E47090 /* Cocoa.framework in Frameworks */,
			);
			runOnlyForDeploymentPostprocessing = 0;
		};
/* End PBXFrameworksBuildPhase section */

/* Begin PBXGroup section */
		080E96DDFE201D6D7F000001 /* Classes */ = {
			isa = PBXGroup;
			children = (
				DC69A62F0E7AF52200660B7D /* Models */,
				DCD69F1D0E782CAB00BA3984 /* Task */,
				DCFDBC880E7738EA00A94BAC /* UI */,
			);
			name = Classes;
			sourceTree = "<group>";
		};
		1058C7A0FEA54F0111CA2CBB /* Linked Frameworks */ = {
			isa = PBXGroup;
			children = (
				1058C7A1FEA54F0111CA2CBB /* Cocoa.framework */,
			);
			name = "Linked Frameworks";
			sourceTree = "<group>";
		};
		1058C7A2FEA54F0111CA2CBB /* Other Frameworks */ = {
			isa = PBXGroup;
			children = (
				29B97324FDCFA39411CA2CEA /* AppKit.framework */,
				13E42FB307B3F0F600E4EEF1 /* CoreData.framework */,
				29B97325FDCFA39411CA2CEA /* Foundation.framework */,
			);
			name = "Other Frameworks";
			sourceTree = "<group>";
		};
		19C28FACFE9D520D11CA2CBB /* Products */ = {
			isa = PBXGroup;
			children = (
				8D1107320486CEB800E47090 /* Synergistic.app */,
			);
			name = Products;
			sourceTree = "<group>";
		};
		29B97314FDCFA39411CA2CEA /* Synergistic */ = {
			isa = PBXGroup;
			children = (
				DCFDBC950E7739AC00A94BAC /* Synergy Exec */,
				080E96DDFE201D6D7F000001 /* Classes */,
				29B97315FDCFA39411CA2CEA /* Other Sources */,
				29B97317FDCFA39411CA2CEA /* Resources */,
				29B97323FDCFA39411CA2CEA /* Frameworks */,
				19C28FACFE9D520D11CA2CBB /* Products */,
			);
			name = Synergistic;
			sourceTree = "<group>";
		};
		29B97315FDCFA39411CA2CEA /* Other Sources */ = {
			isa = PBXGroup;
			children = (
				32CA4F630368D1EE00C91783 /* Synergistic_Prefix.pch */,
				29B97316FDCFA39411CA2CEA /* main.m */,
			);
			name = "Other Sources";
			sourceTree = "<group>";
		};
		29B97317FDCFA39411CA2CEA /* Resources */ = {
			isa = PBXGroup;
			children = (
				8D1107310486CEB800E47090 /* Info.plist */,
				089C165CFE840E0CC02AAC07 /* InfoPlist.strings */,
				1DDD58140DA1D0A300B32029 /* MainMenu.xib */,
				DCB66CE80E7889C800C2A690 /* COPYING */,
			);
			name = Resources;
			sourceTree = "<group>";
		};
		29B97323FDCFA39411CA2CEA /* Frameworks */ = {
			isa = PBXGroup;
			children = (
				1058C7A0FEA54F0111CA2CBB /* Linked Frameworks */,
				1058C7A2FEA54F0111CA2CBB /* Other Frameworks */,
			);
			name = Frameworks;
			sourceTree = "<group>";
		};
		DC69A62F0E7AF52200660B7D /* Models */ = {
			isa = PBXGroup;
			children = (
				DC69A6300E7AF53300660B7D /* Screen.h */,
				DC69A6310E7AF53300660B7D /* Screen.m */,
				DC69A6330E7AF7C600660B7D /* Configuration.h */,
				DC69A6340E7AF7C600660B7D /* Configuration.m */,
				DCF0AAD40E7CB404009CD224 /* Link.h */,
				DCF0AAD50E7CB404009CD224 /* Link.m */,
			);
			name = Models;
			sourceTree = "<group>";
		};
		DCB66D310E788C8A00C2A690 /* ToolbarTabbedWindow */ = {
			isa = PBXGroup;
			children = (
				DCB66D2E0E788B6800C2A690 /* ViewToolbarItem.h */,
				DCB66D2F0E788B6800C2A690 /* ViewToolbarItem.m */,
				DCFDBBD40E770D2000A94BAC /* TabController.h */,
				DCFDBBD50E770D2000A94BAC /* TabController.m */,
			);
			name = ToolbarTabbedWindow;
			sourceTree = "<group>";
		};
		DCD69F1D0E782CAB00BA3984 /* Task */ = {
			isa = PBXGroup;
			children = (
				DCD69F1A0E782AD800BA3984 /* BackgroundTask.h */,
				DCD69F1B0E782AD800BA3984 /* BackgroundTask.m */,
				DCD69F200E78303500BA3984 /* BackgroundTaskGlobals.m */,
				DCD69F290E78338E00BA3984 /* ClientTask.h */,
				DCD69F2A0E78338E00BA3984 /* ClientTask.m */,
			);
			name = Task;
			sourceTree = "<group>";
		};
		DCFDBC880E7738EA00A94BAC /* UI */ = {
			isa = PBXGroup;
			children = (
				DCB66D310E788C8A00C2A690 /* ToolbarTabbedWindow */,
				DCFDBCA40E773CEB00A94BAC /* ClientViewController.h */,
				DCFDBCA50E773CEB00A94BAC /* ClientViewController.m */,
				DC69A6850E7AFCB700660B7D /* ServerViewController.h */,
				DC69A6860E7AFCB700660B7D /* ServerViewController.m */,
			);
			name = UI;
			sourceTree = "<group>";
		};
		DCFDBC950E7739AC00A94BAC /* Synergy Exec */ = {
			isa = PBXGroup;
			children = (
				DCFDBC960E7739CD00A94BAC /* synergyc */,
				DCFDBC970E7739CD00A94BAC /* synergys */,
			);
			name = "Synergy Exec";
			sourceTree = "<group>";
		};
/* End PBXGroup section */

/* Begin PBXNativeTarget section */
		8D1107260486CEB800E47090 /* Synergistic */ = {
			isa = PBXNativeTarget;
			buildConfigurationList = C01FCF4A08A954540054247B /* Build configuration list for PBXNativeTarget "Synergistic" */;
			buildPhases = (
				8D1107290486CEB800E47090 /* Resources */,
				8D11072C0486CEB800E47090 /* Sources */,
				8D11072E0486CEB800E47090 /* Frameworks */,
				DCFDBCA00E7739EB00A94BAC /* CopyFiles */,
			);
			buildRules = (
			);
			dependencies = (
			);
			name = Synergistic;
			productInstallPath = "$(HOME)/Applications";
			productName = Synergistic;
			productReference = 8D1107320486CEB800E47090 /* Synergistic.app */;
			productType = "com.apple.product-type.application";
		};
/* End PBXNativeTarget section */

/* Begin PBXProject section */
		29B97313FDCFA39411CA2CEA /* Project object */ = {
			isa = PBXProject;
			buildConfigurationList = C01FCF4E08A954540054247B /* Build configuration list for PBXProject "Synergistic" */;
			compatibilityVersion = "Xcode 3.1";
			hasScannedForEncodings = 1;
			mainGroup = 29B97314FDCFA39411CA2CEA /* Synergistic */;
			projectDirPath = "";
			projectRoot = "";
			targets = (
				8D1107260486CEB800E47090 /* Synergistic */,
			);
		};
/* End PBXProject section */

/* Begin PBXResourcesBuildPhase section */
		8D1107290486CEB800E47090 /* Resources */ = {
			isa = PBXResourcesBuildPhase;
			buildActionMask = 2147483647;
			files = (
				8D11072B0486CEB800E47090 /* InfoPlist.strings in Resources */,
				1DDD58160DA1D0A300B32029 /* MainMenu.xib in Resources */,
				DCB66CE90E7889C800C2A690 /* COPYING in Resources */,
			);
			runOnlyForDeploymentPostprocessing = 0;
		};
/* End PBXResourcesBuildPhase section */

/* Begin PBXSourcesBuildPhase section */
		8D11072C0486CEB800E47090 /* Sources */ = {
			isa = PBXSourcesBuildPhase;
			buildActionMask = 2147483647;
			files = (
				8D11072D0486CEB800E47090 /* main.m in Sources */,
				DCFDBBD60E770D2000A94BAC /* TabController.m in Sources */,
				DCFDBCA60E773CEB00A94BAC /* ClientViewController.m in Sources */,
				DCD69F1C0E782AD800BA3984 /* BackgroundTask.m in Sources */,
				DCD69F210E78303500BA3984 /* BackgroundTaskGlobals.m in Sources */,
				DCD69F2B0E78338E00BA3984 /* ClientTask.m in Sources */,
				DCB66D300E788B6800C2A690 /* ViewToolbarItem.m in Sources */,
				DC69A6320E7AF53300660B7D /* Screen.m in Sources */,
				DC69A6350E7AF7C600660B7D /* Configuration.m in Sources */,
				DC69A6870E7AFCB700660B7D /* ServerViewController.m in Sources */,
				DCF0AAD60E7CB404009CD224 /* Link.m in Sources */,
			);
			runOnlyForDeploymentPostprocessing = 0;
		};
/* End PBXSourcesBuildPhase section */

/* Begin PBXVariantGroup section */
		089C165CFE840E0CC02AAC07 /* InfoPlist.strings */ = {
			isa = PBXVariantGroup;
			children = (
				089C165DFE840E0CC02AAC07 /* English */,
			);
			name = InfoPlist.strings;
			sourceTree = "<group>";
		};
		1DDD58140DA1D0A300B32029 /* MainMenu.xib */ = {
			isa = PBXVariantGroup;
			children = (
				1DDD58150DA1D0A300B32029 /* English */,
			);
			name = MainMenu.xib;
			sourceTree = "<group>";
		};
/* End PBXVariantGroup section */

/* Begin XCBuildConfiguration section */
		C01FCF4B08A954540054247B /* Debug */ = {
			isa = XCBuildConfiguration;
			buildSettings = {
				ALWAYS_SEARCH_USER_PATHS = NO;
				COPY_PHASE_STRIP = NO;
				GCC_DYNAMIC_NO_PIC = NO;
				GCC_ENABLE_FIX_AND_CONTINUE = YES;
				GCC_MODEL_TUNING = G5;
				GCC_OPTIMIZATION_LEVEL = 0;
				GCC_PRECOMPILE_PREFIX_HEADER = YES;
				GCC_PREFIX_HEADER = Synergistic_Prefix.pch;
				INFOPLIST_FILE = Info.plist;
				INSTALL_PATH = "$(HOME)/Applications";
				PRODUCT_NAME = Synergistic;
			};
			name = Debug;
		};
		C01FCF4C08A954540054247B /* Release */ = {
			isa = XCBuildConfiguration;
			buildSettings = {
				ALWAYS_SEARCH_USER_PATHS = NO;
				DEBUG_INFORMATION_FORMAT = "dwarf-with-dsym";
				GCC_MODEL_TUNING = G5;
				GCC_PRECOMPILE_PREFIX_HEADER = YES;
				GCC_PREFIX_HEADER = Synergistic_Prefix.pch;
				INFOPLIST_FILE = Info.plist;
				INSTALL_PATH = "$(HOME)/Applications";
				PRODUCT_NAME = Synergistic;
			};
			name = Release;
		};
		C01FCF4F08A954540054247B /* Debug */ = {
			isa = XCBuildConfiguration;
			buildSettings = {
				ARCHS = "$(ARCHS_STANDARD_32_BIT)";
				GCC_C_LANGUAGE_STANDARD = c99;
				GCC_OPTIMIZATION_LEVEL = 0;
				GCC_WARN_ABOUT_RETURN_TYPE = YES;
				GCC_WARN_UNUSED_VARIABLE = YES;
				ONLY_ACTIVE_ARCH = YES;
				PREBINDING = NO;
				SDKROOT = macosx10.5;
			};
			name = Debug;
		};
		C01FCF5008A954540054247B /* Release */ = {
			isa = XCBuildConfiguration;
			buildSettings = {
				ARCHS = "$(ARCHS_STANDARD_32_BIT)";
				GCC_C_LANGUAGE_STANDARD = c99;
				GCC_WARN_ABOUT_RETURN_TYPE = YES;
				GCC_WARN_UNUSED_VARIABLE = YES;
				PREBINDING = NO;
				SDKROOT = macosx10.5;
			};
			name = Release;
		};
/* End XCBuildConfiguration section */

/* Begin XCConfigurationList section */
		C01FCF4A08A954540054247B /* Build configuration list for PBXNativeTarget "Synergistic" */ = {
			isa = XCConfigurationList;
			buildConfigurations = (
				C01FCF4B08A954540054247B /* Debug */,
				C01FCF4C08A954540054247B /* Release */,
			);
			defaultConfigurationIsVisible = 0;
			defaultConfigurationName = Release;
		};
		C01FCF4E08A954540054247B /* Build configuration list for PBXProject "Synergistic" */ = {
			isa = XCConfigurationList;
			buildConfigurations = (
				C01FCF4F08A954540054247B /* Debug */,
				C01FCF5008A954540054247B /* Release */,
			);
			defaultConfigurationIsVisible = 0;
			defaultConfigurationName = Release;
		};
/* End XCConfigurationList section */
	};
	rootObject = 29B97313FDCFA39411CA2CEA /* Project object */;
}
